
Microsoft Visual Studio Solution File, Format Version 12.00
# Visual Studio Version 17
VisualStudioVersion = 17.13.35913.81 d17.13
MinimumVisualStudioVersion = 10.0.40219.1
Project("{FAE04EC0-301F-11D3-BF4B-00C04F79EFBC}") = "FitnessCenterManagement", "FitnessCenterManagement\FitnessCenterManagement.csproj", "{DBEDE7BD-5C5E-4650-BAF8-07CB63997FEE}"
EndProject
Global
	GlobalSection(SolutionConfigurationPlatforms) = preSolution
		Debug|Any CPU = Debug|Any CPU
		Release|Any CPU = Release|Any CPU
	EndGlobalSection
	GlobalSection(ProjectConfigurationPlatforms) = postSolution
		{DBEDE7BD-5C5E-4650-BAF8-07CB63997FEE}.Debug|Any CPU.ActiveCfg = Debug|Any CPU
		{DBEDE7BD-5C5E-4650-BAF8-07CB63997FEE}.Debug|Any CPU.Build.0 = Debug|Any CPU
		{DBEDE7BD-5C5E-4650-BAF8-07CB63997FEE}.Release|Any CPU.ActiveCfg = Release|Any CPU
		{DBEDE7BD-5C5E-4650-BAF8-07CB63997FEE}.Release|Any CPU.Build.0 = Release|Any CPU
	EndGlobalSection
	GlobalSection(SolutionProperties) = preSolution
		HideSolutionNode = FALSE
	EndGlobalSection
	GlobalSection(ExtensibilityGlobals) = postSolution
		SolutionGuid = {84BE3C06-47AF-4F79-AFD7-8A02987244B2}
	EndGlobalSection
EndGlobal
